# This file may be used to create an environment using:
# $ conda create --name <env> --file <this file>
# platform: linux-64
# created-by: conda 26.3.2
# AUTHORITATIVE FROZEN LOCK for the Yank ABFE env (denovo_401 selectivity FEP), captured from
# yank-env-check.yml (conda list --explicit -n fep) on 2026-07-04. Yank 0.25.2 is END-OF-LIFE; this byte-exact
# lock reproduces the working stack regardless of conda-forge drift.  Rebuild:  conda create -n fep --file fep.lock
# See environment-fep.yml (human-readable spec), Dockerfile.fep (image), and next-steps.md "ABFE ENGINE POLICY".
@EXPLICIT
https://conda.anaconda.org/conda-forge/noarch/ca-certificates-2026.6.17-hbd8a1cb_0.conda
https://conda.anaconda.org/conda-forge/noarch/cuda-version-12.9-h4f385c5_3.conda
https://conda.anaconda.org/conda-forge/noarch/font-ttf-dejavu-sans-mono-2.37-hab24e00_0.tar.bz2
https://conda.anaconda.org/conda-forge/noarch/font-ttf-inconsolata-3.000-h77eed37_0.tar.bz2
https://conda.anaconda.org/conda-forge/noarch/font-ttf-source-code-pro-2.038-h77eed37_0.tar.bz2
https://conda.anaconda.org/conda-forge/noarch/font-ttf-ubuntu-0.83-h77eed37_3.conda
https://conda.anaconda.org/conda-forge/linux-64/ld_impl_linux-64-2.45.1-bootstrap_ha15bf96_2.conda
https://conda.anaconda.org/conda-forge/linux-64/libgfortran4-7.5.0-h14aa051_20.tar.bz2
https://conda.anaconda.org/conda-forge/linux-64/libgomp-15.2.0-he0feb66_19.conda
https://conda.anaconda.org/conda-forge/linux-64/mpi-1.0-mpich.tar.bz2
https://conda.anaconda.org/conda-forge/noarch/nomkl-1.0-h5ca1d4c_0.tar.bz2
https://conda.anaconda.org/conda-forge/noarch/python_abi-3.9-8_cp39.conda
https://conda.anaconda.org/conda-forge/noarch/tzdata-2025c-hc9c84f9_1.conda
https://conda.anaconda.org/conda-forge/linux-64/_openmp_mutex-4.5-20_gnu.conda
https://conda.anaconda.org/conda-forge/noarch/fonts-conda-forge-1-hc364b38_1.conda
https://conda.anaconda.org/conda-forge/linux-64/libgfortran-ng-7.5.0-h14aa051_20.tar.bz2
https://conda.anaconda.org/conda-forge/noarch/fonts-conda-ecosystem-1-0.tar.bz2
https://conda.anaconda.org/conda-forge/linux-64/libgcc-15.2.0-he0feb66_19.conda
https://conda.anaconda.org/conda-forge/linux-64/bzip2-1.0.8-hda65f42_9.conda
https://conda.anaconda.org/conda-forge/linux-64/c-ares-1.34.6-hb03c661_0.conda
https://conda.anaconda.org/conda-forge/linux-64/keyutils-1.6.3-hb9d3cd8_0.conda
https://conda.anaconda.org/conda-forge/linux-64/libbrotlicommon-1.2.0-hb03c661_1.conda
https://conda.anaconda.org/conda-forge/linux-64/libdeflate-1.25-h17f619e_0.conda
https://conda.anaconda.org/conda-forge/linux-64/libexpat-2.8.1-hecca717_1.conda
https://conda.anaconda.org/conda-forge/linux-64/libffi-3.5.2-h3435931_0.conda
https://conda.anaconda.org/conda-forge/linux-64/libgcc-ng-15.2.0-h69a702a_19.conda
https://conda.anaconda.org/conda-forge/linux-64/libgfortran5-15.2.0-h68bc16d_19.conda
https://conda.anaconda.org/conda-forge/linux-64/libiconv-1.18-h3b78370_2.conda
https://conda.anaconda.org/conda-forge/linux-64/liblzma-5.8.3-hb03c661_0.conda
https://conda.anaconda.org/conda-forge/linux-64/libnsl-2.0.1-hb9d3cd8_1.conda
https://conda.anaconda.org/conda-forge/linux-64/libstdcxx-15.2.0-h934c35e_19.conda
https://conda.anaconda.org/conda-forge/linux-64/libuuid-2.42.2-h5347b49_0.conda
https://conda.anaconda.org/conda-forge/linux-64/libwebp-base-1.6.0-hd42ef1d_0.conda
https://conda.anaconda.org/conda-forge/linux-64/lzo-2.10-h280c20c_1002.conda
https://conda.anaconda.org/conda-forge/linux-64/ncurses-6.6-hdb14827_0.conda
https://conda.anaconda.org/conda-forge/linux-64/openssl-3.6.3-h35e630c_0.conda
https://conda.anaconda.org/conda-forge/linux-64/pthread-stubs-0.4-hb9d3cd8_1002.conda
https://conda.anaconda.org/conda-forge/linux-64/xorg-kbproto-1.0.7-hb9d3cd8_1003.conda
https://conda.anaconda.org/conda-forge/linux-64/xorg-libice-1.1.2-hb9d3cd8_0.conda
https://conda.anaconda.org/conda-forge/linux-64/xorg-libxau-1.0.12-hb03c661_1.conda
https://conda.anaconda.org/conda-forge/linux-64/xorg-libxdmcp-1.1.5-hb03c661_1.conda
https://conda.anaconda.org/conda-forge/linux-64/xorg-renderproto-0.11.1-hb9d3cd8_1003.conda
https://conda.anaconda.org/conda-forge/linux-64/xorg-xextproto-7.3.0-hb9d3cd8_1004.conda
https://conda.anaconda.org/conda-forge/linux-64/xorg-xproto-7.0.31-hb9d3cd8_1008.conda
https://conda.anaconda.org/conda-forge/linux-64/yaml-0.2.5-h280c20c_3.conda
https://conda.anaconda.org/conda-forge/linux-64/cuda-nvrtc-12.9.86-hecca717_1.conda
https://conda.anaconda.org/conda-forge/linux-64/expat-2.8.1-hecca717_1.conda
https://conda.anaconda.org/conda-forge/linux-64/jpeg-9e-h0b41bf4_3.conda
https://conda.anaconda.org/conda-forge/linux-64/libaec-1.1.5-h088129d_0.conda
https://conda.anaconda.org/conda-forge/linux-64/libbrotlidec-1.2.0-hb03c661_1.conda
https://conda.anaconda.org/conda-forge/linux-64/libbrotlienc-1.2.0-hb03c661_1.conda
https://conda.anaconda.org/conda-forge/linux-64/libcufft-11.4.1.4-hecca717_1.conda
https://conda.anaconda.org/conda-forge/linux-64/libedit-3.1.20250104-pl5321h7949ede_0.conda
https://conda.anaconda.org/conda-forge/linux-64/libev-4.33-hd590300_2.conda
https://conda.anaconda.org/conda-forge/linux-64/liblzma-devel-5.8.3-hb03c661_0.conda
https://conda.anaconda.org/conda-forge/linux-64/libopenblas-0.3.28-pthreads_h94d23a6_0.conda
https://conda.anaconda.org/conda-forge/linux-64/libsodium-1.0.20-h4ab18f5_0.conda
https://conda.anaconda.org/conda-forge/linux-64/libstdcxx-ng-15.2.0-hdf11a46_19.conda
https://conda.anaconda.org/conda-forge/linux-64/libxcb-1.15-h0b41bf4_0.conda
https://conda.anaconda.org/conda-forge/linux-64/libxcrypt-4.4.36-hd590300_1.conda
https://conda.anaconda.org/conda-forge/linux-64/libzlib-1.2.13-h4ab18f5_6.conda
https://conda.anaconda.org/conda-forge/linux-64/opencl-headers-2025.06.13-hecca717_0.conda
https://conda.anaconda.org/conda-forge/linux-64/pixman-0.46.4-h54a6638_1.conda
https://conda.anaconda.org/conda-forge/linux-64/readline-8.3-h853b02a_0.conda
https://conda.anaconda.org/conda-forge/linux-64/snappy-1.2.2-h03e3b7b_1.conda
https://conda.anaconda.org/conda-forge/linux-64/xorg-libsm-1.2.6-he73a12e_0.conda
https://conda.anaconda.org/conda-forge/linux-64/xz-gpl-tools-5.8.3-ha02ee65_0.conda
https://conda.anaconda.org/conda-forge/linux-64/xz-tools-5.8.3-hb03c661_0.conda
https://conda.anaconda.org/conda-forge/linux-64/apbs-1.5-hd8ae8d1_0.tar.bz2
https://conda.anaconda.org/conda-forge/linux-64/brotli-bin-1.2.0-hb03c661_1.conda
https://conda.anaconda.org/conda-forge/linux-64/icu-73.2-h59595ed_0.conda
https://conda.anaconda.org/conda-forge/linux-64/krb5-1.21.3-h659f571_0.conda
https://conda.anaconda.org/conda-forge/linux-64/lerc-3.0-h9c3ff4c_0.tar.bz2
https://conda.anaconda.org/conda-forge/linux-64/libblas-3.9.0-28_h59b9bed_openblas.conda
https://conda.anaconda.org/conda-forge/linux-64/libllvm14-14.0.6-hcd5def8_4.conda
https://conda.anaconda.org/conda-forge/linux-64/libnghttp2-1.58.0-h47da74e_1.conda
https://conda.anaconda.org/conda-forge/linux-64/libpng-1.6.43-h2797004_0.conda
https://conda.anaconda.org/conda-forge/linux-64/libsqlite-3.46.0-hde9e2c9_0.conda
https://conda.anaconda.org/conda-forge/linux-64/libssh2-1.11.0-h0841786_0.conda
https://conda.anaconda.org/conda-forge/linux-64/libzip-1.10.1-h2629f0a_3.conda
https://conda.anaconda.org/conda-forge/linux-64/lz4-c-1.9.4-hcb278e6_0.conda
https://conda.anaconda.org/conda-forge/linux-64/mpich-4.2.2-h4a7f18d_101.conda
https://conda.anaconda.org/conda-forge/linux-64/ocl-icd-2.3.4-hb03c661_1.conda
https://conda.anaconda.org/conda-forge/linux-64/pcre2-10.43-hcad00b1_0.conda
https://conda.anaconda.org/conda-forge/linux-64/qhull-2020.2-h434a139_5.conda
https://conda.anaconda.org/conda-forge/linux-64/tk-8.6.13-noxft_h4845f30_101.conda
https://conda.anaconda.org/conda-forge/linux-64/xorg-libx11-1.8.9-h8ee46fc_0.conda
https://conda.anaconda.org/conda-forge/linux-64/xz-5.8.3-ha02ee65_0.conda
https://conda.anaconda.org/conda-forge/linux-64/zlib-1.2.13-h4ab18f5_6.conda
https://conda.anaconda.org/conda-forge/linux-64/zstd-1.5.6-ha6fb4c9_0.conda
https://conda.anaconda.org/conda-forge/linux-64/ambertools-19-h0d7ec52_0.tar.bz2
https://conda.anaconda.org/conda-forge/linux-64/blosc-1.21.5-hc2324a3_1.conda
https://conda.anaconda.org/conda-forge/linux-64/brotli-1.2.0-hed03a55_1.conda
https://conda.anaconda.org/conda-forge/linux-64/freetype-2.12.1-h267a509_2.conda
https://conda.anaconda.org/conda-forge/linux-64/hdf4-4.2.15-h9772cbc_5.tar.bz2
https://conda.anaconda.org/conda-forge/linux-64/libcblas-3.9.0-28_he106b2a_openblas.conda
https://conda.anaconda.org/conda-forge/linux-64/libcurl-8.8.0-hca28451_1.conda
https://conda.anaconda.org/conda-forge/linux-64/libglib-2.80.2-hf974151_0.conda
https://conda.anaconda.org/conda-forge/linux-64/liblapack-3.9.0-28_h7ac8fdf_openblas.conda
https://conda.anaconda.org/conda-forge/linux-64/libtiff-4.3.0-h0fcbabc_4.tar.bz2
https://conda.anaconda.org/conda-forge/linux-64/libxml2-2.12.7-hc051c1a_1.conda
https://conda.anaconda.org/conda-forge/linux-64/ocl-icd-system-1.0.0-1.tar.bz2
https://conda.anaconda.org/conda-forge/linux-64/python-3.9.19-h0755675_0_cpython.conda
https://conda.anaconda.org/conda-forge/linux-64/xorg-libxext-1.3.4-h0b41bf4_2.conda
https://conda.anaconda.org/conda-forge/linux-64/xorg-libxrender-0.9.11-hd590300_0.conda
https://conda.anaconda.org/conda-forge/linux-64/zeromq-4.3.5-h387f397_9.conda
https://conda.anaconda.org/conda-forge/noarch/alabaster-0.7.16-pyhd8ed1ab_0.conda
https://conda.anaconda.org/conda-forge/noarch/asttokens-3.0.0-pyhd8ed1ab_1.conda
https://conda.anaconda.org/conda-forge/noarch/attrs-25.3.0-pyh71513ae_0.conda
https://conda.anaconda.org/conda-forge/linux-64/brotli-python-1.0.9-py39h5a03fae_8.tar.bz2
https://conda.anaconda.org/conda-forge/noarch/cached_property-1.5.2-pyha770c72_1.tar.bz2
https://conda.anaconda.org/conda-forge/noarch/certifi-2025.8.3-pyhd8ed1ab_0.conda
https://conda.anaconda.org/conda-forge/noarch/charset-normalizer-3.4.3-pyhd8ed1ab_0.conda
https://conda.anaconda.org/conda-forge/noarch/colorama-0.4.6-pyhd8ed1ab_1.conda
https://conda.anaconda.org/conda-forge/noarch/comm-0.2.3-pyhe01879c_0.conda
https://conda.anaconda.org/conda-forge/linux-64/curl-8.8.0-he654da7_1.conda
https://conda.anaconda.org/conda-forge/noarch/cycler-0.12.1-pyhd8ed1ab_1.conda
https://conda.anaconda.org/conda-forge/linux-64/debugpy-1.8.16-py39haef64b4_0.conda
https://conda.anaconda.org/conda-forge/noarch/decorator-5.2.1-pyhd8ed1ab_0.conda
https://conda.anaconda.org/conda-forge/noarch/defusedxml-0.7.1-pyhd8ed1ab_0.tar.bz2
https://conda.anaconda.org/conda-forge/noarch/docopt-0.6.2-pyhd8ed1ab_2.conda
https://conda.anaconda.org/conda-forge/noarch/docutils-0.21.2-pyhd8ed1ab_1.conda
https://conda.anaconda.org/conda-forge/noarch/executing-2.2.0-pyhd8ed1ab_0.conda
https://conda.anaconda.org/conda-forge/linux-64/fontconfig-2.14.2-h14ed4e7_0.conda
https://conda.anaconda.org/conda-forge/linux-64/hdf5-1.12.2-nompi_h4df4325_101.conda
https://conda.anaconda.org/conda-forge/noarch/hpack-4.1.0-pyhd8ed1ab_0.conda
https://conda.anaconda.org/conda-forge/noarch/hyperframe-6.1.0-pyhd8ed1ab_0.conda
https://conda.anaconda.org/conda-forge/noarch/idna-3.11-pyhf9edf01_1.conda
https://conda.anaconda.org/conda-forge/noarch/imagesize-1.4.1-pyhd8ed1ab_0.tar.bz2
https://conda.anaconda.org/conda-forge/noarch/json5-0.12.1-pyhd8ed1ab_0.conda
https://conda.anaconda.org/conda-forge/linux-64/jsonpointer-3.0.0-py39hf3d152e_1.conda
https://conda.anaconda.org/conda-forge/noarch/jupyterlab_widgets-3.0.15-pyhd8ed1ab_0.conda
https://conda.anaconda.org/conda-forge/linux-64/kiwisolver-1.4.7-py39h74842e3_0.conda
https://conda.anaconda.org/conda-forge/noarch/lark-1.2.2-pyhd8ed1ab_1.conda
https://conda.anaconda.org/conda-forge/linux-64/lcms2-2.12-hddcbb42_0.tar.bz2
https://conda.anaconda.org/conda-forge/linux-64/libxslt-1.1.39-h76b75d6_0.conda
https://conda.anaconda.org/conda-forge/linux-64/llvmlite-0.42.0-py39h174d805_1.conda
https://conda.anaconda.org/conda-forge/linux-64/markupsafe-3.0.2-py39h9399b63_1.conda
https://conda.anaconda.org/conda-forge/noarch/munkres-1.1.4-pyhd8ed1ab_1.conda
https://conda.anaconda.org/conda-forge/noarch/nest-asyncio-1.6.0-pyhd8ed1ab_1.conda
https://conda.anaconda.org/conda-forge/noarch/nose-1.3.7-py_1006.tar.bz2
https://conda.anaconda.org/conda-forge/linux-64/numpy-1.26.4-py39h474f0d3_0.conda
https://conda.anaconda.org/conda-forge/noarch/olefile-0.47-pyhd8ed1ab_1.conda
https://conda.anaconda.org/conda-forge/linux-64/openjpeg-2.5.0-h7d73246_0.tar.bz2
https://conda.anaconda.org/conda-forge/noarch/packaging-26.2-pyhc364b38_0.conda
https://conda.anaconda.org/conda-forge/noarch/pandocfilters-1.5.0-pyhd8ed1ab_0.tar.bz2
https://conda.anaconda.org/conda-forge/noarch/parso-0.8.4-pyhd8ed1ab_1.conda
https://conda.anaconda.org/conda-forge/noarch/pickleshare-0.7.5-pyhd8ed1ab_1004.conda
https://conda.anaconda.org/conda-forge/noarch/platformdirs-4.3.8-pyhe01879c_0.conda
https://conda.anaconda.org/conda-forge/noarch/prometheus_client-0.22.1-pyhd8ed1ab_0.conda
https://conda.anaconda.org/conda-forge/linux-64/psutil-7.0.0-py39h8cd3c5a_0.conda
https://conda.anaconda.org/conda-forge/noarch/ptyprocess-0.7.0-pyhd8ed1ab_1.conda
https://conda.anaconda.org/conda-forge/noarch/pure_eval-0.2.3-pyhd8ed1ab_1.conda
https://conda.anaconda.org/conda-forge/noarch/pycparser-2.22-pyh29332c3_1.conda
https://conda.anaconda.org/conda-forge/noarch/pygments-2.19.2-pyhd8ed1ab_0.conda
https://conda.anaconda.org/conda-forge/noarch/pyparsing-3.2.3-pyhe01879c_2.conda
https://conda.anaconda.org/conda-forge/noarch/pysocks-1.7.1-pyha55dd90_7.conda
https://conda.anaconda.org/conda-forge/noarch/python-fastjsonschema-2.21.2-pyhe01879c_0.conda
https://conda.anaconda.org/conda-forge/noarch/python-json-logger-2.0.7-pyhd8ed1ab_0.conda
https://conda.anaconda.org/conda-forge/noarch/python-tzdata-2025.2-pyhd8ed1ab_0.conda
https://conda.anaconda.org/conda-forge/noarch/pytz-2024.1-pyhd8ed1ab_0.conda
https://conda.anaconda.org/conda-forge/linux-64/pyyaml-5.4.1-py39hb9d737c_4.tar.bz2
https://conda.anaconda.org/conda-forge/linux-64/pyzmq-27.0.2-py39haa5fa38_0.conda
https://conda.anaconda.org/conda-forge/noarch/rfc3986-validator-0.1.1-pyh9f0ad1d_0.tar.bz2
https://conda.anaconda.org/conda-forge/linux-64/rpds-py-0.27.0-py39h17f49b6_0.conda
https://conda.anaconda.org/conda-forge/noarch/send2trash-1.8.3-pyh0d859eb_1.conda
https://conda.anaconda.org/conda-forge/noarch/setuptools-80.9.0-pyhff2d567_0.conda
https://conda.anaconda.org/conda-forge/noarch/six-1.17.0-pyhe01879c_1.conda
https://conda.anaconda.org/conda-forge/noarch/sniffio-1.3.1-pyhd8ed1ab_1.conda
https://conda.anaconda.org/conda-forge/noarch/snowballstemmer-3.0.1-pyhd8ed1ab_0.conda
https://conda.anaconda.org/conda-forge/noarch/soupsieve-2.7-pyhd8ed1ab_0.conda
https://conda.anaconda.org/conda-forge/noarch/sphinxcontrib-jsmath-1.0.1-pyhd8ed1ab_1.conda
https://conda.anaconda.org/conda-forge/noarch/tomli-2.2.1-pyhe01879c_2.conda
https://conda.anaconda.org/conda-forge/linux-64/tornado-6.5.2-py39hd399759_0.conda
https://conda.anaconda.org/conda-forge/noarch/traitlets-5.14.3-pyhd8ed1ab_1.conda
https://conda.anaconda.org/conda-forge/noarch/types-python-dateutil-2.9.0.20250809-pyhd8ed1ab_0.conda
https://conda.anaconda.org/conda-forge/noarch/typing_extensions-4.14.1-pyhe01879c_0.conda
https://conda.anaconda.org/conda-forge/noarch/typing_utils-0.1.0-pyhd8ed1ab_1.conda
https://conda.anaconda.org/conda-forge/linux-64/unicodedata2-16.0.0-py39h8cd3c5a_0.conda
https://conda.anaconda.org/conda-forge/noarch/uri-template-1.3.0-pyhd8ed1ab_1.conda
https://conda.anaconda.org/conda-forge/noarch/wcwidth-0.2.13-pyhd8ed1ab_1.conda
https://conda.anaconda.org/conda-forge/noarch/webcolors-24.11.1-pyhd8ed1ab_0.conda
https://conda.anaconda.org/conda-forge/noarch/webencodings-0.5.1-pyhd8ed1ab_3.conda
https://conda.anaconda.org/conda-forge/noarch/websocket-client-1.8.0-pyhd8ed1ab_1.conda
https://conda.anaconda.org/conda-forge/noarch/wheel-0.45.1-pyhd8ed1ab_1.conda
https://conda.anaconda.org/conda-forge/noarch/widgetsnbextension-4.0.14-pyhd8ed1ab_0.conda
https://conda.anaconda.org/conda-forge/noarch/zipp-3.23.0-pyhd8ed1ab_0.conda
https://conda.anaconda.org/conda-forge/noarch/astunparse-1.6.3-pyhd8ed1ab_3.conda
https://conda.anaconda.org/conda-forge/noarch/async-lru-2.0.5-pyh29332c3_0.conda
https://conda.anaconda.org/conda-forge/noarch/babel-2.17.0-pyhd8ed1ab_0.conda
https://conda.anaconda.org/conda-forge/noarch/bleach-6.2.0-pyh29332c3_4.conda
https://conda.anaconda.org/conda-forge/noarch/cached-property-1.5.2-hd8ed1ab_1.tar.bz2
https://conda.anaconda.org/conda-forge/linux-64/cairo-1.18.0-h3faef2a_0.conda
https://conda.anaconda.org/conda-forge/noarch/cerberus-1.3.5-pyhd8ed1ab_0.conda
https://conda.anaconda.org/conda-forge/linux-64/cffi-1.17.1-py39h15c3d72_0.conda
https://conda.anaconda.org/conda-forge/linux-64/cftime-1.6.4-py39hf3d9206_1.conda
https://conda.anaconda.org/conda-forge/linux-64/contourpy-1.3.0-py39h74842e3_2.conda
https://conda.anaconda.org/conda-forge/noarch/exceptiongroup-1.3.0-pyhd8ed1ab_0.conda
https://conda.anaconda.org/conda-forge/linux-64/fonttools-4.59.1-py39heb7d2ae_0.conda
https://conda.anaconda.org/conda-forge/noarch/h11-0.16.0-pyhd8ed1ab_0.conda
https://conda.anaconda.org/conda-forge/noarch/h2-4.2.0-pyhd8ed1ab_0.conda
https://conda.anaconda.org/conda-forge/noarch/importlib-metadata-8.7.0-pyhe01879c_1.conda
https://conda.anaconda.org/conda-forge/noarch/importlib_resources-6.5.2-pyhd8ed1ab_0.conda
https://conda.anaconda.org/conda-forge/noarch/jedi-0.19.2-pyhd8ed1ab_1.conda
https://conda.anaconda.org/conda-forge/noarch/jinja2-3.1.6-pyhd8ed1ab_0.conda
https://conda.anaconda.org/conda-forge/noarch/jupyter_core-5.8.1-pyh31011fe_0.conda
https://conda.anaconda.org/conda-forge/noarch/jupyterlab_pygments-0.3.0-pyhd8ed1ab_2.conda
https://conda.anaconda.org/conda-forge/linux-64/libnetcdf-4.8.1-nompi_h261ec11_106.tar.bz2
https://conda.anaconda.org/conda-forge/linux-64/lxml-5.2.2-py39h8a3eb29_0.conda
https://conda.anaconda.org/conda-forge/noarch/matplotlib-inline-0.1.7-pyhd8ed1ab_1.conda
https://conda.anaconda.org/conda-forge/noarch/mistune-3.1.3-pyh29332c3_0.conda
https://conda.anaconda.org/conda-forge/noarch/mpiplus-v0.0.2-pyhd8ed1ab_0.conda
https://conda.anaconda.org/conda-forge/linux-64/numba-0.59.1-py39h615d6bd_0.conda
https://conda.anaconda.org/conda-forge/linux-64/numexpr-2.10.2-py39h0a7e20a_100.conda
https://conda.anaconda.org/conda-forge/noarch/overrides-7.7.0-pyhd8ed1ab_1.conda
https://conda.anaconda.org/conda-forge/noarch/pexpect-4.9.0-pyhd8ed1ab_1.conda
https://conda.anaconda.org/conda-forge/linux-64/pillow-8.4.0-py39ha612740_0.tar.bz2
https://conda.anaconda.org/conda-forge/noarch/pip-25.2-pyh8b19718_0.conda
https://conda.anaconda.org/conda-forge/noarch/prompt-toolkit-3.0.51-pyha770c72_0.conda
https://conda.anaconda.org/conda-forge/noarch/python-dateutil-2.9.0.post0-pyhe01879c_2.conda
https://conda.anaconda.org/conda-forge/noarch/referencing-0.36.2-pyh29332c3_0.conda
https://conda.anaconda.org/conda-forge/noarch/rfc3339-validator-0.1.4-pyhd8ed1ab_1.conda
https://conda.anaconda.org/conda-forge/noarch/rfc3987-syntax-1.1.0-pyhe01879c_1.conda
https://conda.anaconda.org/conda-forge/linux-64/scipy-1.13.1-py39haf93ffa_0.conda
https://conda.anaconda.org/conda-forge/noarch/stack_data-0.6.3-pyhd8ed1ab_1.conda
https://conda.anaconda.org/conda-forge/noarch/terminado-0.18.1-pyh0d859eb_0.conda
https://conda.anaconda.org/conda-forge/noarch/tinycss2-1.4.0-pyhd8ed1ab_0.conda
https://conda.anaconda.org/conda-forge/noarch/typing-extensions-4.14.1-h4440ef1_0.conda
https://conda.anaconda.org/conda-forge/noarch/anyio-4.10.0-pyhe01879c_0.conda
https://conda.anaconda.org/conda-forge/linux-64/argon2-cffi-bindings-25.1.0-py39hd399759_0.conda
https://conda.anaconda.org/conda-forge/noarch/arrow-1.3.0-pyhd8ed1ab_1.conda
https://conda.anaconda.org/conda-forge/noarch/beautifulsoup4-4.13.4-pyha770c72_0.conda
https://conda.anaconda.org/conda-forge/noarch/bleach-with-css-6.2.0-h82add2a_4.conda
https://conda.anaconda.org/conda-forge/noarch/clusterutils-0.3.1-pyhd8ed1ab_1.tar.bz2
https://conda.anaconda.org/conda-forge/noarch/fqdn-1.5.1-pyhd8ed1ab_1.conda
https://conda.anaconda.org/conda-forge/noarch/importlib-resources-6.5.2-pyhd8ed1ab_0.conda
https://conda.anaconda.org/conda-forge/noarch/ipython-8.18.1-pyh707e725_3.conda
https://conda.anaconda.org/conda-forge/noarch/jsonschema-specifications-2025.4.1-pyh29332c3_0.conda
https://conda.anaconda.org/conda-forge/noarch/jupyter_client-8.6.3-pyhd8ed1ab_1.conda
https://conda.anaconda.org/conda-forge/noarch/jupyter_server_terminals-0.5.3-pyhd8ed1ab_1.conda
https://conda.anaconda.org/conda-forge/linux-64/netcdf4-1.6.2-nompi_py39hfaa66c4_100.tar.bz2
https://conda.anaconda.org/conda-forge/linux-64/openbabel-3.1.1-py39h2d01fe1_9.conda
https://conda.anaconda.org/conda-forge/linux-64/openmm-8.3.1-py39h7b5ac3d_0.conda
https://conda.anaconda.org/conda-forge/linux-64/pandas-2.2.3-py39h3b40f6f_1.conda
https://conda.anaconda.org/conda-forge/noarch/prompt_toolkit-3.0.51-hd8ed1ab_0.conda
https://conda.anaconda.org/conda-forge/linux-64/pymbar-3.1.1-py39hf15bc26_3.conda
https://conda.anaconda.org/conda-forge/linux-64/pytables-3.7.0-py39h6a7961f_3.tar.bz2
https://conda.anaconda.org/conda-forge/linux-64/zstandard-0.23.0-py39hd399759_3.conda
https://conda.anaconda.org/conda-forge/noarch/argon2-cffi-25.1.0-pyhd8ed1ab_0.conda
https://conda.anaconda.org/conda-forge/noarch/httpcore-1.0.9-pyh29332c3_0.conda
https://conda.anaconda.org/conda-forge/noarch/ipykernel-6.30.1-pyh82676e8_0.conda
https://conda.anaconda.org/conda-forge/noarch/ipywidgets-8.1.7-pyhd8ed1ab_0.conda
https://conda.anaconda.org/conda-forge/noarch/isoduration-20.11.0-pyhd8ed1ab_1.conda
https://conda.anaconda.org/conda-forge/noarch/jsonschema-4.25.1-pyhe01879c_0.conda
https://conda.anaconda.org/conda-forge/linux-64/matplotlib-base-3.9.4-py39h16632d1_0.conda
https://conda.anaconda.org/conda-forge/linux-64/mdtraj-1.10.0-py39h3a17c87_0.conda
https://conda.anaconda.org/conda-forge/linux-64/parmed-4.3.0-py39ha6a21d6_2.conda
https://conda.anaconda.org/conda-forge/noarch/pdbfixer-1.11-pyhd8ed1ab_0.conda
https://conda.anaconda.org/conda-forge/noarch/urllib3-2.5.0-pyhd8ed1ab_0.conda
https://conda.anaconda.org/conda-forge/noarch/httpx-0.28.1-pyhd8ed1ab_0.conda
https://conda.anaconda.org/conda-forge/noarch/jsonschema-with-format-nongpl-4.25.1-he01879c_0.conda
https://conda.anaconda.org/conda-forge/noarch/jupyter_console-6.6.3-pyhd8ed1ab_1.conda
https://conda.anaconda.org/conda-forge/noarch/nbformat-5.10.4-pyhd8ed1ab_1.conda
https://conda.anaconda.org/conda-forge/noarch/openmmtools-0.21.2-pyhd8ed1ab_0.tar.bz2
https://conda.anaconda.org/conda-forge/noarch/requests-2.32.5-pyhd8ed1ab_0.conda
https://conda.anaconda.org/conda-forge/noarch/jupyter_events-0.12.0-pyhe01879c_0.conda
https://conda.anaconda.org/conda-forge/noarch/nbclient-0.10.4-pyhd8ed1ab_0.conda
https://conda.anaconda.org/conda-forge/noarch/nbconvert-core-7.16.6-pyh29332c3_0.conda
https://conda.anaconda.org/conda-forge/noarch/jupyter_server-2.16.0-pyhe01879c_0.conda
https://conda.anaconda.org/conda-forge/noarch/jupyter-lsp-2.2.6-pyhe01879c_0.conda
https://conda.anaconda.org/conda-forge/noarch/jupyterlab_server-2.27.3-pyhd8ed1ab_1.conda
https://conda.anaconda.org/conda-forge/noarch/notebook-shim-0.2.4-pyhd8ed1ab_1.conda
https://conda.anaconda.org/conda-forge/noarch/jupyterlab-4.4.6-pyhd8ed1ab_0.conda
https://conda.anaconda.org/conda-forge/noarch/notebook-7.4.5-pyhd8ed1ab_0.conda
https://conda.anaconda.org/conda-forge/noarch/jupyter-1.1.1-pyhd8ed1ab_1.conda
https://conda.anaconda.org/conda-forge/noarch/numpydoc-1.9.0-pyhe01879c_1.conda
https://conda.anaconda.org/conda-forge/noarch/openmoltools-0.8.8-pyhd8ed1ab_1.tar.bz2
https://conda.anaconda.org/conda-forge/noarch/yank-0.25.2-pyhd8ed1ab_2.tar.bz2
https://conda.anaconda.org/conda-forge/noarch/sphinxcontrib-applehelp-2.0.0-pyhd8ed1ab_1.conda
https://conda.anaconda.org/conda-forge/noarch/sphinxcontrib-devhelp-2.0.0-pyhd8ed1ab_1.conda
https://conda.anaconda.org/conda-forge/noarch/sphinxcontrib-htmlhelp-2.1.0-pyhd8ed1ab_1.conda
https://conda.anaconda.org/conda-forge/noarch/sphinxcontrib-qthelp-2.0.0-pyhd8ed1ab_1.conda
https://conda.anaconda.org/conda-forge/noarch/sphinx-7.4.7-pyhd8ed1ab_0.conda
https://conda.anaconda.org/conda-forge/noarch/sphinxcontrib-serializinghtml-1.1.10-pyhd8ed1ab_1.conda
